
Microsoft Visual Studio Solution File, Format Version 12.00
# Visual Studio Version 17
VisualStudioVersion = 17.0.31903.59
MinimumVisualStudioVersion = 10.0.40219.1
Project("{FAE04EC0-301F-11D3-BF4B-00C04F79EFBC}") = "RouteDispatcher", "src\RouteDispatcher\RouteDispatcher.csproj", "{F9CB9419-32DF-4FF9-973A-B2073561F0B2}"
EndProject
Project("{FAE04EC0-301F-11D3-BF4B-00C04F79EFBC}") = "RouteDispatcher.API", "sample\RouteDispatcher.API\RouteDispatcher.API.csproj", "{A2964836-57D7-4D41-B84B-6D6BEC22DEFF}"
EndProject
Project("{2150E333-8FDC-42A3-9474-1A3956D46DE8}") = "tests", "tests", "{0C88DD14-F956-CE84-757C-A364CCF449FC}"
EndProject
Project("{FAE04EC0-301F-11D3-BF4B-00C04F79EFBC}") = "RouteDispatcher.Tests.net9", "tests\RouteDispatcher.Tests.net9\RouteDispatcher.Tests.net9.csproj", "{791CEE24-0B5E-4349-9331-990549E67F68}"
EndProject
Project("{FAE04EC0-301F-11D3-BF4B-00C04F79EFBC}") = "RouteDispatcher.Tests.Common", "tests\RouteDispatcher.Tests.Common\RouteDispatcher.Tests.Common.csproj", "{9242E78F-CBC8-4608-8E15-33A333F1C3CE}"
EndProject
Project("{FAE04EC0-301F-11D3-BF4B-00C04F79EFBC}") = "RouteDispatcher.Tests.net6", "tests\RouteDispatcher.Tests.net6\RouteDispatcher.Tests.net6.csproj", "{C3469E42-8E7D-4F0D-892A-9C65FA46469E}"
EndProject
Project("{FAE04EC0-301F-11D3-BF4B-00C04F79EFBC}") = "RouteDispatcher.Tests.net8", "tests\RouteDispatcher.Tests.net8\RouteDispatcher.Tests.net8.csproj", "{31037FC6-FF91-4C00-A338-610C873E70F3}"
EndProject
Global
	GlobalSection(SolutionConfigurationPlatforms) = preSolution
		Debug|Any CPU = Debug|Any CPU
		Debug|x64 = Debug|x64
		Debug|x86 = Debug|x86
		Release|Any CPU = Release|Any CPU
		Release|x64 = Release|x64
		Release|x86 = Release|x86
	EndGlobalSection
	GlobalSection(ProjectConfigurationPlatforms) = postSolution
		{F9CB9419-32DF-4FF9-973A-B2073561F0B2}.Debug|Any CPU.ActiveCfg = Debug|Any CPU
		{F9CB9419-32DF-4FF9-973A-B2073561F0B2}.Debug|Any CPU.Build.0 = Debug|Any CPU
		{F9CB9419-32DF-4FF9-973A-B2073561F0B2}.Debug|x64.ActiveCfg = Debug|Any CPU
		{F9CB9419-32DF-4FF9-973A-B2073561F0B2}.Debug|x64.Build.0 = Debug|Any CPU
		{F9CB9419-32DF-4FF9-973A-B2073561F0B2}.Debug|x86.ActiveCfg = Debug|Any CPU
		{F9CB9419-32DF-4FF9-973A-B2073561F0B2}.Debug|x86.Build.0 = Debug|Any CPU
		{F9CB9419-32DF-4FF9-973A-B2073561F0B2}.Release|Any CPU.ActiveCfg = Release|Any CPU
		{F9CB9419-32DF-4FF9-973A-B2073561F0B2}.Release|Any CPU.Build.0 = Release|Any CPU
		{F9CB9419-32DF-4FF9-973A-B2073561F0B2}.Release|x64.ActiveCfg = Release|Any CPU
		{F9CB9419-32DF-4FF9-973A-B2073561F0B2}.Release|x64.Build.0 = Release|Any CPU
		{F9CB9419-32DF-4FF9-973A-B2073561F0B2}.Release|x86.ActiveCfg = Release|Any CPU
		{F9CB9419-32DF-4FF9-973A-B2073561F0B2}.Release|x86.Build.0 = Release|Any CPU
		{A2964836-57D7-4D41-B84B-6D6BEC22DEFF}.Debug|Any CPU.ActiveCfg = Debug|Any CPU
		{A2964836-57D7-4D41-B84B-6D6BEC22DEFF}.Debug|Any CPU.Build.0 = Debug|Any CPU
		{A2964836-57D7-4D41-B84B-6D6BEC22DEFF}.Debug|x64.ActiveCfg = Debug|Any CPU
		{A2964836-57D7-4D41-B84B-6D6BEC22DEFF}.Debug|x64.Build.0 = Debug|Any CPU
		{A2964836-57D7-4D41-B84B-6D6BEC22DEFF}.Debug|x86.ActiveCfg = Debug|Any CPU
		{A2964836-57D7-4D41-B84B-6D6BEC22DEFF}.Debug|x86.Build.0 = Debug|Any CPU
		{A2964836-57D7-4D41-B84B-6D6BEC22DEFF}.Release|Any CPU.ActiveCfg = Release|Any CPU
		{A2964836-57D7-4D41-B84B-6D6BEC22DEFF}.Release|Any CPU.Build.0 = Release|Any CPU
		{A2964836-57D7-4D41-B84B-6D6BEC22DEFF}.Release|x64.ActiveCfg = Release|Any CPU
		{A2964836-57D7-4D41-B84B-6D6BEC22DEFF}.Release|x64.Build.0 = Release|Any CPU
		{A2964836-57D7-4D41-B84B-6D6BEC22DEFF}.Release|x86.ActiveCfg = Release|Any CPU
		{A2964836-57D7-4D41-B84B-6D6BEC22DEFF}.Release|x86.Build.0 = Release|Any CPU
		{791CEE24-0B5E-4349-9331-990549E67F68}.Debug|Any CPU.ActiveCfg = Debug|Any CPU
		{791CEE24-0B5E-4349-9331-990549E67F68}.Debug|Any CPU.Build.0 = Debug|Any CPU
		{791CEE24-0B5E-4349-9331-990549E67F68}.Debug|x64.ActiveCfg = Debug|Any CPU
		{791CEE24-0B5E-4349-9331-990549E67F68}.Debug|x64.Build.0 = Debug|Any CPU
		{791CEE24-0B5E-4349-9331-990549E67F68}.Debug|x86.ActiveCfg = Debug|Any CPU
		{791CEE24-0B5E-4349-9331-990549E67F68}.Debug|x86.Build.0 = Debug|Any CPU
		{791CEE24-0B5E-4349-9331-990549E67F68}.Release|Any CPU.ActiveCfg = Release|Any CPU
		{791CEE24-0B5E-4349-9331-990549E67F68}.Release|Any CPU.Build.0 = Release|Any CPU
		{791CEE24-0B5E-4349-9331-990549E67F68}.Release|x64.ActiveCfg = Release|Any CPU
		{791CEE24-0B5E-4349-9331-990549E67F68}.Release|x64.Build.0 = Release|Any CPU
		{791CEE24-0B5E-4349-9331-990549E67F68}.Release|x86.ActiveCfg = Release|Any CPU
		{791CEE24-0B5E-4349-9331-990549E67F68}.Release|x86.Build.0 = Release|Any CPU
		{9242E78F-CBC8-4608-8E15-33A333F1C3CE}.Debug|Any CPU.ActiveCfg = Debug|Any CPU
		{9242E78F-CBC8-4608-8E15-33A333F1C3CE}.Debug|Any CPU.Build.0 = Debug|Any CPU
		{9242E78F-CBC8-4608-8E15-33A333F1C3CE}.Debug|x64.ActiveCfg = Debug|Any CPU
		{9242E78F-CBC8-4608-8E15-33A333F1C3CE}.Debug|x64.Build.0 = Debug|Any CPU
		{9242E78F-CBC8-4608-8E15-33A333F1C3CE}.Debug|x86.ActiveCfg = Debug|Any CPU
		{9242E78F-CBC8-4608-8E15-33A333F1C3CE}.Debug|x86.Build.0 = Debug|Any CPU
		{9242E78F-CBC8-4608-8E15-33A333F1C3CE}.Release|Any CPU.ActiveCfg = Release|Any CPU
		{9242E78F-CBC8-4608-8E15-33A333F1C3CE}.Release|Any CPU.Build.0 = Release|Any CPU
		{9242E78F-CBC8-4608-8E15-33A333F1C3CE}.Release|x64.ActiveCfg = Release|Any CPU
		{9242E78F-CBC8-4608-8E15-33A333F1C3CE}.Release|x64.Build.0 = Release|Any CPU
		{9242E78F-CBC8-4608-8E15-33A333F1C3CE}.Release|x86.ActiveCfg = Release|Any CPU
		{9242E78F-CBC8-4608-8E15-33A333F1C3CE}.Release|x86.Build.0 = Release|Any CPU
		{C3469E42-8E7D-4F0D-892A-9C65FA46469E}.Debug|Any CPU.ActiveCfg = Debug|Any CPU
		{C3469E42-8E7D-4F0D-892A-9C65FA46469E}.Debug|Any CPU.Build.0 = Debug|Any CPU
		{C3469E42-8E7D-4F0D-892A-9C65FA46469E}.Debug|x64.ActiveCfg = Debug|Any CPU
		{C3469E42-8E7D-4F0D-892A-9C65FA46469E}.Debug|x64.Build.0 = Debug|Any CPU
		{C3469E42-8E7D-4F0D-892A-9C65FA46469E}.Debug|x86.ActiveCfg = Debug|Any CPU
		{C3469E42-8E7D-4F0D-892A-9C65FA46469E}.Debug|x86.Build.0 = Debug|Any CPU
		{C3469E42-8E7D-4F0D-892A-9C65FA46469E}.Release|Any CPU.ActiveCfg = Release|Any CPU
		{C3469E42-8E7D-4F0D-892A-9C65FA46469E}.Release|Any CPU.Build.0 = Release|Any CPU
		{C3469E42-8E7D-4F0D-892A-9C65FA46469E}.Release|x64.ActiveCfg = Release|Any CPU
		{C3469E42-8E7D-4F0D-892A-9C65FA46469E}.Release|x64.Build.0 = Release|Any CPU
		{C3469E42-8E7D-4F0D-892A-9C65FA46469E}.Release|x86.ActiveCfg = Release|Any CPU
		{C3469E42-8E7D-4F0D-892A-9C65FA46469E}.Release|x86.Build.0 = Release|Any CPU
		{31037FC6-FF91-4C00-A338-610C873E70F3}.Debug|Any CPU.ActiveCfg = Debug|Any CPU
		{31037FC6-FF91-4C00-A338-610C873E70F3}.Debug|Any CPU.Build.0 = Debug|Any CPU
		{31037FC6-FF91-4C00-A338-610C873E70F3}.Debug|x64.ActiveCfg = Debug|Any CPU
		{31037FC6-FF91-4C00-A338-610C873E70F3}.Debug|x64.Build.0 = Debug|Any CPU
		{31037FC6-FF91-4C00-A338-610C873E70F3}.Debug|x86.ActiveCfg = Debug|Any CPU
		{31037FC6-FF91-4C00-A338-610C873E70F3}.Debug|x86.Build.0 = Debug|Any CPU
		{31037FC6-FF91-4C00-A338-610C873E70F3}.Release|Any CPU.ActiveCfg = Release|Any CPU
		{31037FC6-FF91-4C00-A338-610C873E70F3}.Release|Any CPU.Build.0 = Release|Any CPU
		{31037FC6-FF91-4C00-A338-610C873E70F3}.Release|x64.ActiveCfg = Release|Any CPU
		{31037FC6-FF91-4C00-A338-610C873E70F3}.Release|x64.Build.0 = Release|Any CPU
		{31037FC6-FF91-4C00-A338-610C873E70F3}.Release|x86.ActiveCfg = Release|Any CPU
		{31037FC6-FF91-4C00-A338-610C873E70F3}.Release|x86.Build.0 = Release|Any CPU
	EndGlobalSection
	GlobalSection(SolutionProperties) = preSolution
		HideSolutionNode = FALSE
	EndGlobalSection
	GlobalSection(NestedProjects) = preSolution
		{791CEE24-0B5E-4349-9331-990549E67F68} = {0C88DD14-F956-CE84-757C-A364CCF449FC}
		{9242E78F-CBC8-4608-8E15-33A333F1C3CE} = {0C88DD14-F956-CE84-757C-A364CCF449FC}
		{C3469E42-8E7D-4F0D-892A-9C65FA46469E} = {0C88DD14-F956-CE84-757C-A364CCF449FC}
		{31037FC6-FF91-4C00-A338-610C873E70F3} = {0C88DD14-F956-CE84-757C-A364CCF449FC}
	EndGlobalSection
EndGlobal
